
Microsoft Visual Studio Solution File, Format Version 12.00
# Visual Studio 15
VisualStudioVersion = 15.0.27428.2011
MinimumVisualStudioVersion = 10.0.40219.1
Project("{9A19103F-16F7-4668-BE54-9A1E7A4F7556}") = "Lib.Bencoding", "Lib.Bencoding\Lib.Bencoding.csproj", "{5C81FB3A-B704-4AAF-921A-EFBC0306F271}"
EndProject
Project("{9A19103F-16F7-4668-BE54-9A1E7A4F7556}") = "Lib.Bencoding.UnitTests", "Lib.Bencoding.UnitTests\Lib.Bencoding.UnitTests.csproj", "{5B484EF0-FC94-433F-90E1-7DE60DAAAD72}"
EndProject
Project("{9A19103F-16F7-4668-BE54-9A1E7A4F7556}") = "Lib.Bittorrent.UnitTests", "Lib.Bittorrent.UnitTests\Lib.Bittorrent.UnitTests.csproj", "{144F716F-C4CB-44A7-9E01-C64329AD0F10}"
EndProject
Project("{9A19103F-16F7-4668-BE54-9A1E7A4F7556}") = "Lib.Bittorrent", "Lib.Bittorrent\Lib.Bittorrent.csproj", "{C86AF36C-50A1-44AD-8BC6-1C76603C36D2}"
EndProject
Global
	GlobalSection(SolutionConfigurationPlatforms) = preSolution
		Debug|Any CPU = Debug|Any CPU
		Release|Any CPU = Release|Any CPU
	EndGlobalSection
	GlobalSection(ProjectConfigurationPlatforms) = postSolution
		{5C81FB3A-B704-4AAF-921A-EFBC0306F271}.Debug|Any CPU.ActiveCfg = Debug|Any CPU
		{5C81FB3A-B704-4AAF-921A-EFBC0306F271}.Debug|Any CPU.Build.0 = Debug|Any CPU
		{5C81FB3A-B704-4AAF-921A-EFBC0306F271}.Release|Any CPU.ActiveCfg = Release|Any CPU
		{5C81FB3A-B704-4AAF-921A-EFBC0306F271}.Release|Any CPU.Build.0 = Release|Any CPU
		{5B484EF0-FC94-433F-90E1-7DE60DAAAD72}.Debug|Any CPU.ActiveCfg = Debug|Any CPU
		{5B484EF0-FC94-433F-90E1-7DE60DAAAD72}.Debug|Any CPU.Build.0 = Debug|Any CPU
		{5B484EF0-FC94-433F-90E1-7DE60DAAAD72}.Release|Any CPU.ActiveCfg = Release|Any CPU
		{5B484EF0-FC94-433F-90E1-7DE60DAAAD72}.Release|Any CPU.Build.0 = Release|Any CPU
		{144F716F-C4CB-44A7-9E01-C64329AD0F10}.Debug|Any CPU.ActiveCfg = Debug|Any CPU
		{144F716F-C4CB-44A7-9E01-C64329AD0F10}.Debug|Any CPU.Build.0 = Debug|Any CPU
		{144F716F-C4CB-44A7-9E01-C64329AD0F10}.Release|Any CPU.ActiveCfg = Release|Any CPU
		{144F716F-C4CB-44A7-9E01-C64329AD0F10}.Release|Any CPU.Build.0 = Release|Any CPU
		{C86AF36C-50A1-44AD-8BC6-1C76603C36D2}.Debug|Any CPU.ActiveCfg = Debug|Any CPU
		{C86AF36C-50A1-44AD-8BC6-1C76603C36D2}.Debug|Any CPU.Build.0 = Debug|Any CPU
		{C86AF36C-50A1-44AD-8BC6-1C76603C36D2}.Release|Any CPU.ActiveCfg = Release|Any CPU
		{C86AF36C-50A1-44AD-8BC6-1C76603C36D2}.Release|Any CPU.Build.0 = Release|Any CPU
	EndGlobalSection
	GlobalSection(SolutionProperties) = preSolution
		HideSolutionNode = FALSE
	EndGlobalSection
	GlobalSection(ExtensibilityGlobals) = postSolution
		SolutionGuid = {313C86EE-AB05-47FE-8531-CC14E4580566}
	EndGlobalSection
EndGlobal
